<Solution>
  <Project Path="framework/DS1Mod.Core/DS1Mod.Core.csproj" />
  <Project Path="framework/DS1Mod.SDK/DS1Mod.SDK.csproj" />
  <Project Path="mods/DS1Mod.DemoMod/DS1Mod.DemoMod.csproj" />
  <Project Path="mods/DS1Mod.FogLogger/DS1Mod.FogLogger.csproj" />
  <Project Path="mods/DS1Mod.HpLogger/DS1Mod.HpLogger.csproj" />
  <Project Path="mods/DS1Mod.DiscordRPC/DS1Mod.DiscordRPC.csproj" />
  <Project Path="mods/DS1Mod.AsylumSlam/DS1Mod.AsylumSlam.csproj" />
  <Project Path="mods/DS1Mod.GoofyDemon/DS1Mod.GoofyDemon.csproj" />
  <Project Path="mods/DS1Mod.ImGuiDemo/DS1Mod.ImGuiDemo.csproj" />
  <Project Path="mods/DS1Mod.ChaosMod/DS1Mod.ChaosMod.csproj" />
</Solution>
