<Solution>
  <Project Path="DS1Mod/DS1Mod.Core/DS1Mod.Core.csproj" />
  <Project Path="DS1Mod/DS1Mod.SDK/DS1Mod.SDK.csproj" />
  <Project Path="DS1Mod/DS1Mod.Host/DS1Mod.Host.csproj" />
  <Project Path="DS1Mod/DS1Mod.DemoMod/DS1Mod.DemoMod.csproj" />
  <Project Path="DS1Mod/DS1Mod.FogLogger/DS1Mod.FogLogger.csproj" />
  <Project Path="DS1MegaRando.Settings/DS1MegaRando.Settings.csproj" />
  <Project Path="DS1MegaRando.Annotations/DS1MegaRando.Annotations.csproj" />
  <Project Path="DS1MegaRando.Graph/DS1MegaRando.Graph.csproj" />
  <Project Path="DS1MegaRando.IO/DS1MegaRando.IO.csproj" />
  <Project Path="DS1MegaRando.FogGate/DS1MegaRando.FogGate.csproj" />
  <Project Path="DS1MegaRando.Items/DS1MegaRando.Items.csproj" />
  <Project Path="DS1MegaRando.Enemies/DS1MegaRando.Enemies.csproj" />
  <Project Path="DS1MegaRando.Verification/DS1MegaRando.Verification.csproj" />
  <Project Path="DS1MegaRando.Spoiler/DS1MegaRando.Spoiler.csproj" />
  <Project Path="DS1MegaRando.Core/DS1MegaRando.Core.csproj" />
  <Project Path="DS1MegaRando.Data/DS1MegaRando.Data.csproj" />
  <Project Path="DS1MegaRando.UI/DS1MegaRando.UI.csproj" />
</Solution>
