
Microsoft Visual Studio Solution File, Format Version 12.00
# Visual Studio Version 17
VisualStudioVersion = 17.0.0.0
MinimumVisualStudioVersion = 10.0.40219.1
Project("{FAE04EC0-301F-11D3-BF4B-00C04F79EFBC}") = "DS1MegaRando.Settings", "DS1MegaRando.Settings\DS1MegaRando.Settings.csproj", "{A1000001-0000-0000-0000-000000000001}"
EndProject
Project("{FAE04EC0-301F-11D3-BF4B-00C04F79EFBC}") = "DS1MegaRando.Annotations", "DS1MegaRando.Annotations\DS1MegaRando.Annotations.csproj", "{A1000002-0000-0000-0000-000000000002}"
	ProjectSection(ProjectDependencies) = postProject
		{A1000001-0000-0000-0000-000000000001} = {A1000001-0000-0000-0000-000000000001}
	EndProjectSection
EndProject
Project("{FAE04EC0-301F-11D3-BF4B-00C04F79EFBC}") = "DS1MegaRando.Graph", "DS1MegaRando.Graph\DS1MegaRando.Graph.csproj", "{A1000003-0000-0000-0000-000000000003}"
	ProjectSection(ProjectDependencies) = postProject
		{A1000001-0000-0000-0000-000000000001} = {A1000001-0000-0000-0000-000000000001}
		{A1000002-0000-0000-0000-000000000002} = {A1000002-0000-0000-0000-000000000002}
	EndProjectSection
EndProject
Project("{FAE04EC0-301F-11D3-BF4B-00C04F79EFBC}") = "DS1MegaRando.IO", "DS1MegaRando.IO\DS1MegaRando.IO.csproj", "{A1000004-0000-0000-0000-000000000004}"
	ProjectSection(ProjectDependencies) = postProject
		{A1000001-0000-0000-0000-000000000001} = {A1000001-0000-0000-0000-000000000001}
		{A1000011-0000-0000-0000-000000000011} = {A1000011-0000-0000-0000-000000000011}
		{A1000013-0000-0000-0000-000000000013} = {A1000013-0000-0000-0000-000000000013}
	EndProjectSection
EndProject
Project("{FAE04EC0-301F-11D3-BF4B-00C04F79EFBC}") = "DS1MegaRando.FogGate", "DS1MegaRando.FogGate\DS1MegaRando.FogGate.csproj", "{A1000005-0000-0000-0000-000000000005}"
	ProjectSection(ProjectDependencies) = postProject
		{A1000001-0000-0000-0000-000000000001} = {A1000001-0000-0000-0000-000000000001}
		{A1000002-0000-0000-0000-000000000002} = {A1000002-0000-0000-0000-000000000002}
		{A1000003-0000-0000-0000-000000000003} = {A1000003-0000-0000-0000-000000000003}
		{A1000004-0000-0000-0000-000000000004} = {A1000004-0000-0000-0000-000000000004}
		{A1000011-0000-0000-0000-000000000011} = {A1000011-0000-0000-0000-000000000011}
		{A1000013-0000-0000-0000-000000000013} = {A1000013-0000-0000-0000-000000000013}
	EndProjectSection
EndProject
Project("{FAE04EC0-301F-11D3-BF4B-00C04F79EFBC}") = "DS1MegaRando.Items", "DS1MegaRando.Items\DS1MegaRando.Items.csproj", "{A1000006-0000-0000-0000-000000000006}"
	ProjectSection(ProjectDependencies) = postProject
		{A1000001-0000-0000-0000-000000000001} = {A1000001-0000-0000-0000-000000000001}
		{A1000002-0000-0000-0000-000000000002} = {A1000002-0000-0000-0000-000000000002}
		{A1000003-0000-0000-0000-000000000003} = {A1000003-0000-0000-0000-000000000003}
		{A1000004-0000-0000-0000-000000000004} = {A1000004-0000-0000-0000-000000000004}
		{A1000005-0000-0000-0000-000000000005} = {A1000005-0000-0000-0000-000000000005}
		{A1000011-0000-0000-0000-000000000011} = {A1000011-0000-0000-0000-000000000011}
	EndProjectSection
EndProject
Project("{FAE04EC0-301F-11D3-BF4B-00C04F79EFBC}") = "DS1MegaRando.Enemies", "DS1MegaRando.Enemies\DS1MegaRando.Enemies.csproj", "{A1000007-0000-0000-0000-000000000007}"
	ProjectSection(ProjectDependencies) = postProject
		{A1000001-0000-0000-0000-000000000001} = {A1000001-0000-0000-0000-000000000001}
		{A1000002-0000-0000-0000-000000000002} = {A1000002-0000-0000-0000-000000000002}
		{A1000004-0000-0000-0000-000000000004} = {A1000004-0000-0000-0000-000000000004}
		{A1000005-0000-0000-0000-000000000005} = {A1000005-0000-0000-0000-000000000005}
		{A1000011-0000-0000-0000-000000000011} = {A1000011-0000-0000-0000-000000000011}
		{A1000013-0000-0000-0000-000000000013} = {A1000013-0000-0000-0000-000000000013}
	EndProjectSection
EndProject
Project("{FAE04EC0-301F-11D3-BF4B-00C04F79EFBC}") = "DS1MegaRando.Verification", "DS1MegaRando.Verification\DS1MegaRando.Verification.csproj", "{A1000008-0000-0000-0000-000000000008}"
	ProjectSection(ProjectDependencies) = postProject
		{A1000001-0000-0000-0000-000000000001} = {A1000001-0000-0000-0000-000000000001}
		{A1000002-0000-0000-0000-000000000002} = {A1000002-0000-0000-0000-000000000002}
		{A1000003-0000-0000-0000-000000000003} = {A1000003-0000-0000-0000-000000000003}
		{A1000005-0000-0000-0000-000000000005} = {A1000005-0000-0000-0000-000000000005}
		{A1000006-0000-0000-0000-000000000006} = {A1000006-0000-0000-0000-000000000006}
		{A1000011-0000-0000-0000-000000000011} = {A1000011-0000-0000-0000-000000000011}
	EndProjectSection
EndProject
Project("{FAE04EC0-301F-11D3-BF4B-00C04F79EFBC}") = "DS1MegaRando.Spoiler", "DS1MegaRando.Spoiler\DS1MegaRando.Spoiler.csproj", "{A1000009-0000-0000-0000-000000000009}"
	ProjectSection(ProjectDependencies) = postProject
		{A1000001-0000-0000-0000-000000000001} = {A1000001-0000-0000-0000-000000000001}
		{A1000005-0000-0000-0000-000000000005} = {A1000005-0000-0000-0000-000000000005}
		{A1000006-0000-0000-0000-000000000006} = {A1000006-0000-0000-0000-000000000006}
		{A1000007-0000-0000-0000-000000000007} = {A1000007-0000-0000-0000-000000000007}
	EndProjectSection
EndProject
Project("{FAE04EC0-301F-11D3-BF4B-00C04F79EFBC}") = "DS1MegaRando.Core", "DS1MegaRando.Core\DS1MegaRando.Core.csproj", "{A1000010-0000-0000-0000-000000000010}"
	ProjectSection(ProjectDependencies) = postProject
		{A1000001-0000-0000-0000-000000000001} = {A1000001-0000-0000-0000-000000000001}
		{A1000002-0000-0000-0000-000000000002} = {A1000002-0000-0000-0000-000000000002}
		{A1000003-0000-0000-0000-000000000003} = {A1000003-0000-0000-0000-000000000003}
		{A1000004-0000-0000-0000-000000000004} = {A1000004-0000-0000-0000-000000000004}
		{A1000005-0000-0000-0000-000000000005} = {A1000005-0000-0000-0000-000000000005}
		{A1000006-0000-0000-0000-000000000006} = {A1000006-0000-0000-0000-000000000006}
		{A1000007-0000-0000-0000-000000000007} = {A1000007-0000-0000-0000-000000000007}
		{A1000008-0000-0000-0000-000000000008} = {A1000008-0000-0000-0000-000000000008}
		{A1000009-0000-0000-0000-000000000009} = {A1000009-0000-0000-0000-000000000009}
		{A1000011-0000-0000-0000-000000000011} = {A1000011-0000-0000-0000-000000000011}
		{A1000013-0000-0000-0000-000000000013} = {A1000013-0000-0000-0000-000000000013}
	EndProjectSection
EndProject
Project("{FAE04EC0-301F-11D3-BF4B-00C04F79EFBC}") = "DS1MegaRando.Data", "DS1MegaRando.Data\DS1MegaRando.Data.csproj", "{A1000011-0000-0000-0000-000000000011}"
EndProject
Project("{FAE04EC0-301F-11D3-BF4B-00C04F79EFBC}") = "DS1MegaRando.UI", "DS1MegaRando.UI\DS1MegaRando.UI.csproj", "{A1000012-0000-0000-0000-000000000012}"
	ProjectSection(ProjectDependencies) = postProject
		{A1000001-0000-0000-0000-000000000001} = {A1000001-0000-0000-0000-000000000001}
		{A1000010-0000-0000-0000-000000000010} = {A1000010-0000-0000-0000-000000000010}
		{A1000011-0000-0000-0000-000000000011} = {A1000011-0000-0000-0000-000000000011}
	EndProjectSection
EndProject
Project("{FAE04EC0-301F-11D3-BF4B-00C04F79EFBC}") = "SoulsFormats", "SoulsFormats\SoulsFormats\SoulsFormats.csproj", "{A1000013-0000-0000-0000-000000000013}"
EndProject
Global
	GlobalSection(SolutionConfigurationPlatforms) = preSolution
		Debug|Any CPU = Debug|Any CPU
		Release|Any CPU = Release|Any CPU
	EndGlobalSection
	GlobalSection(ProjectConfigurationPlatforms) = postSolution
		{A1000001-0000-0000-0000-000000000001}.Debug|Any CPU.ActiveCfg = Debug|Any CPU
		{A1000001-0000-0000-0000-000000000001}.Debug|Any CPU.Build.0 = Debug|Any CPU
		{A1000001-0000-0000-0000-000000000001}.Release|Any CPU.ActiveCfg = Release|Any CPU
		{A1000001-0000-0000-0000-000000000001}.Release|Any CPU.Build.0 = Release|Any CPU
		{A1000002-0000-0000-0000-000000000002}.Debug|Any CPU.ActiveCfg = Debug|Any CPU
		{A1000002-0000-0000-0000-000000000002}.Debug|Any CPU.Build.0 = Debug|Any CPU
		{A1000002-0000-0000-0000-000000000002}.Release|Any CPU.ActiveCfg = Release|Any CPU
		{A1000002-0000-0000-0000-000000000002}.Release|Any CPU.Build.0 = Release|Any CPU
		{A1000003-0000-0000-0000-000000000003}.Debug|Any CPU.ActiveCfg = Debug|Any CPU
		{A1000003-0000-0000-0000-000000000003}.Debug|Any CPU.Build.0 = Debug|Any CPU
		{A1000003-0000-0000-0000-000000000003}.Release|Any CPU.ActiveCfg = Release|Any CPU
		{A1000003-0000-0000-0000-000000000003}.Release|Any CPU.Build.0 = Release|Any CPU
		{A1000004-0000-0000-0000-000000000004}.Debug|Any CPU.ActiveCfg = Debug|Any CPU
		{A1000004-0000-0000-0000-000000000004}.Debug|Any CPU.Build.0 = Debug|Any CPU
		{A1000004-0000-0000-0000-000000000004}.Release|Any CPU.ActiveCfg = Release|Any CPU
		{A1000004-0000-0000-0000-000000000004}.Release|Any CPU.Build.0 = Release|Any CPU
		{A1000005-0000-0000-0000-000000000005}.Debug|Any CPU.ActiveCfg = Debug|Any CPU
		{A1000005-0000-0000-0000-000000000005}.Debug|Any CPU.Build.0 = Debug|Any CPU
		{A1000005-0000-0000-0000-000000000005}.Release|Any CPU.ActiveCfg = Release|Any CPU
		{A1000005-0000-0000-0000-000000000005}.Release|Any CPU.Build.0 = Release|Any CPU
		{A1000006-0000-0000-0000-000000000006}.Debug|Any CPU.ActiveCfg = Debug|Any CPU
		{A1000006-0000-0000-0000-000000000006}.Debug|Any CPU.Build.0 = Debug|Any CPU
		{A1000006-0000-0000-0000-000000000006}.Release|Any CPU.ActiveCfg = Release|Any CPU
		{A1000006-0000-0000-0000-000000000006}.Release|Any CPU.Build.0 = Release|Any CPU
		{A1000007-0000-0000-0000-000000000007}.Debug|Any CPU.ActiveCfg = Debug|Any CPU
		{A1000007-0000-0000-0000-000000000007}.Debug|Any CPU.Build.0 = Debug|Any CPU
		{A1000007-0000-0000-0000-000000000007}.Release|Any CPU.ActiveCfg = Release|Any CPU
		{A1000007-0000-0000-0000-000000000007}.Release|Any CPU.Build.0 = Release|Any CPU
		{A1000008-0000-0000-0000-000000000008}.Debug|Any CPU.ActiveCfg = Debug|Any CPU
		{A1000008-0000-0000-0000-000000000008}.Debug|Any CPU.Build.0 = Debug|Any CPU
		{A1000008-0000-0000-0000-000000000008}.Release|Any CPU.ActiveCfg = Release|Any CPU
		{A1000008-0000-0000-0000-000000000008}.Release|Any CPU.Build.0 = Release|Any CPU
		{A1000009-0000-0000-0000-000000000009}.Debug|Any CPU.ActiveCfg = Debug|Any CPU
		{A1000009-0000-0000-0000-000000000009}.Debug|Any CPU.Build.0 = Debug|Any CPU
		{A1000009-0000-0000-0000-000000000009}.Release|Any CPU.ActiveCfg = Release|Any CPU
		{A1000009-0000-0000-0000-000000000009}.Release|Any CPU.Build.0 = Release|Any CPU
		{A1000010-0000-0000-0000-000000000010}.Debug|Any CPU.ActiveCfg = Debug|Any CPU
		{A1000010-0000-0000-0000-000000000010}.Debug|Any CPU.Build.0 = Debug|Any CPU
		{A1000010-0000-0000-0000-000000000010}.Release|Any CPU.ActiveCfg = Release|Any CPU
		{A1000010-0000-0000-0000-000000000010}.Release|Any CPU.Build.0 = Release|Any CPU
		{A1000011-0000-0000-0000-000000000011}.Debug|Any CPU.ActiveCfg = Debug|Any CPU
		{A1000011-0000-0000-0000-000000000011}.Debug|Any CPU.Build.0 = Debug|Any CPU
		{A1000011-0000-0000-0000-000000000011}.Release|Any CPU.ActiveCfg = Release|Any CPU
		{A1000011-0000-0000-0000-000000000011}.Release|Any CPU.Build.0 = Release|Any CPU
		{A1000012-0000-0000-0000-000000000012}.Debug|Any CPU.ActiveCfg = Debug|Any CPU
		{A1000012-0000-0000-0000-000000000012}.Debug|Any CPU.Build.0 = Debug|Any CPU
		{A1000012-0000-0000-0000-000000000012}.Release|Any CPU.ActiveCfg = Release|Any CPU
		{A1000012-0000-0000-0000-000000000012}.Release|Any CPU.Build.0 = Release|Any CPU
		{A1000013-0000-0000-0000-000000000013}.Debug|Any CPU.ActiveCfg = Debug|Any CPU
		{A1000013-0000-0000-0000-000000000013}.Debug|Any CPU.Build.0 = Debug|Any CPU
		{A1000013-0000-0000-0000-000000000013}.Release|Any CPU.ActiveCfg = Release|Any CPU
		{A1000013-0000-0000-0000-000000000013}.Release|Any CPU.Build.0 = Release|Any CPU
	EndGlobalSection
	GlobalSection(SolutionProperties) = preSolution
		HideSolutionNode = FALSE
	EndGlobalSection
EndGlobal
